
Microsoft Visual Studio Solution File, Format Version 12.00
# Visual Studio Version 17
VisualStudioVersion = 17.0.31903.59
MinimumVisualStudioVersion = 10.0.40219.1
Project("{FAE04EC0-301F-11D3-BF4B-00C04F79EFBC}") = "API", "API\API.csproj", "{C4B2D1E2-5E6E-4575-BAC8-D11BECB55C08}"
EndProject
Global
	GlobalSection(SolutionConfigurationPlatforms) = preSolution
		Debug|Any CPU = Debug|Any CPU
		Release|Any CPU = Release|Any CPU
	EndGlobalSection
	GlobalSection(SolutionProperties) = preSolution
		HideSolutionNode = FALSE
	EndGlobalSection
	GlobalSection(ProjectConfigurationPlatforms) = postSolution
		{C4B2D1E2-5E6E-4575-BAC8-D11BECB55C08}.Debug|Any CPU.ActiveCfg = Debug|Any CPU
		{C4B2D1E2-5E6E-4575-BAC8-D11BECB55C08}.Debug|Any CPU.Build.0 = Debug|Any CPU
		{C4B2D1E2-5E6E-4575-BAC8-D11BECB55C08}.Release|Any CPU.ActiveCfg = Release|Any CPU
		{C4B2D1E2-5E6E-4575-BAC8-D11BECB55C08}.Release|Any CPU.Build.0 = Release|Any CPU
	EndGlobalSection
EndGlobal
